
Microsoft Visual Studio Solution File, Format Version 12.00
# Visual Studio Version 17
VisualStudioVersion = 17.5.002.0
MinimumVisualStudioVersion = 10.0.40219.1
Project("{9A19103F-16F7-4668-BE54-9A1E7A4F7556}") = "module_2_rps", "module_2_rps.csproj", "{BBC5B8ED-FBFD-4EFC-BC27-0DDAC15BFC3D}"
EndProject
Global
	GlobalSection(SolutionConfigurationPlatforms) = preSolution
		Debug|Any CPU = Debug|Any CPU
		Release|Any CPU = Release|Any CPU
	EndGlobalSection
	GlobalSection(ProjectConfigurationPlatforms) = postSolution
		{BBC5B8ED-FBFD-4EFC-BC27-0DDAC15BFC3D}.Debug|Any CPU.ActiveCfg = Debug|Any CPU
		{BBC5B8ED-FBFD-4EFC-BC27-0DDAC15BFC3D}.Debug|Any CPU.Build.0 = Debug|Any CPU
		{BBC5B8ED-FBFD-4EFC-BC27-0DDAC15BFC3D}.Release|Any CPU.ActiveCfg = Release|Any CPU
		{BBC5B8ED-FBFD-4EFC-BC27-0DDAC15BFC3D}.Release|Any CPU.Build.0 = Release|Any CPU
	EndGlobalSection
	GlobalSection(SolutionProperties) = preSolution
		HideSolutionNode = FALSE
	EndGlobalSection
	GlobalSection(ExtensibilityGlobals) = postSolution
		SolutionGuid = {0188D7D6-DC4D-40AB-928F-FB230CBA4611}
	EndGlobalSection
EndGlobal
